
Microsoft Visual Studio Solution File, Format Version 12.00
# Visual Studio 15
VisualStudioVersion = 15.0.27130.2010
MinimumVisualStudioVersion = 10.0.40219.1
Project("{FAE04EC0-301F-11D3-BF4B-00C04F79EFBC}") = "Zad6", "Zad6\Zad6.csproj", "{1A8D7393-67AE-4251-B0B3-10737FB89FC1}"
EndProject
Global
	GlobalSection(SolutionConfigurationPlatforms) = preSolution
		Debug|Any CPU = Debug|Any CPU
		Release|Any CPU = Release|Any CPU
	EndGlobalSection
	GlobalSection(ProjectConfigurationPlatforms) = postSolution
		{1A8D7393-67AE-4251-B0B3-10737FB89FC1}.Debug|Any CPU.ActiveCfg = Debug|Any CPU
		{1A8D7393-67AE-4251-B0B3-10737FB89FC1}.Debug|Any CPU.Build.0 = Debug|Any CPU
		{1A8D7393-67AE-4251-B0B3-10737FB89FC1}.Release|Any CPU.ActiveCfg = Release|Any CPU
		{1A8D7393-67AE-4251-B0B3-10737FB89FC1}.Release|Any CPU.Build.0 = Release|Any CPU
	EndGlobalSection
	GlobalSection(SolutionProperties) = preSolution
		HideSolutionNode = FALSE
	EndGlobalSection
	GlobalSection(ExtensibilityGlobals) = postSolution
		SolutionGuid = {3CE9EB97-7A1E-4F07-9C38-0DBC4F87912B}
	EndGlobalSection
EndGlobal
